
Microsoft Visual Studio Solution File, Format Version 12.00
# Visual Studio Version 16
VisualStudioVersion = 16.0.30907.101
MinimumVisualStudioVersion = 10.0.40219.1
Project("{9A19103F-16F7-4668-BE54-9A1E7A4F7556}") = "KampIntro", "KampIntro\KampIntro.csproj", "{41E53C18-5D46-40C3-92C1-A2151F5F254D}"
EndProject
Project("{9A19103F-16F7-4668-BE54-9A1E7A4F7556}") = "Loops", "Loops\Loops.csproj", "{ABB20763-4214-44F1-A05B-9596FCE0A91F}"
EndProject
Project("{9A19103F-16F7-4668-BE54-9A1E7A4F7556}") = "ClassIntro", "ClassIntro\ClassIntro.csproj", "{041456E0-7B3A-4C09-A374-E153DFD466E2}"
EndProject
Project("{9A19103F-16F7-4668-BE54-9A1E7A4F7556}") = "Methods", "Methods\Methods.csproj", "{FF8F0223-DB7F-473F-A6FC-C088C6882481}"
EndProject
Project("{9A19103F-16F7-4668-BE54-9A1E7A4F7556}") = "Maths", "Maths\Maths.csproj", "{F7FEDBE3-0F42-48D7-9E16-D21BE78339CD}"
EndProject
Project("{9A19103F-16F7-4668-BE54-9A1E7A4F7556}") = "OOP1", "OOP1\OOP1.csproj", "{18C119B7-481E-4B9D-A7EB-C3775650A112}"
EndProject
Project("{9A19103F-16F7-4668-BE54-9A1E7A4F7556}") = "Collections", "Collections\Collections.csproj", "{8054AD46-ACA5-4B75-BAE4-F2A87A52561F}"
EndProject
Project("{9A19103F-16F7-4668-BE54-9A1E7A4F7556}") = "GenericsIntro", "GenericsIntro\GenericsIntro.csproj", "{526E9AA7-7181-4A6C-AF6A-4FBE154D3CE9}"
EndProject
Project("{FAE04EC0-301F-11D3-BF4B-00C04F79EFBC}") = "OOP2", "OOP2\OOP2.csproj", "{5F3B4003-A5AC-4B0E-8912-75B00CDD77FE}"
EndProject
Project("{FAE04EC0-301F-11D3-BF4B-00C04F79EFBC}") = "OOP3", "OOP3\OOP3.csproj", "{9B6E2312-3CB6-4EC3-997E-E7C2C4DA1121}"
EndProject
Global
	GlobalSection(SolutionConfigurationPlatforms) = preSolution
		Debug|Any CPU = Debug|Any CPU
		Release|Any CPU = Release|Any CPU
	EndGlobalSection
	GlobalSection(ProjectConfigurationPlatforms) = postSolution
		{41E53C18-5D46-40C3-92C1-A2151F5F254D}.Debug|Any CPU.ActiveCfg = Debug|Any CPU
		{41E53C18-5D46-40C3-92C1-A2151F5F254D}.Debug|Any CPU.Build.0 = Debug|Any CPU
		{41E53C18-5D46-40C3-92C1-A2151F5F254D}.Release|Any CPU.ActiveCfg = Release|Any CPU
		{41E53C18-5D46-40C3-92C1-A2151F5F254D}.Release|Any CPU.Build.0 = Release|Any CPU
		{ABB20763-4214-44F1-A05B-9596FCE0A91F}.Debug|Any CPU.ActiveCfg = Debug|Any CPU
		{ABB20763-4214-44F1-A05B-9596FCE0A91F}.Debug|Any CPU.Build.0 = Debug|Any CPU
		{ABB20763-4214-44F1-A05B-9596FCE0A91F}.Release|Any CPU.ActiveCfg = Release|Any CPU
		{ABB20763-4214-44F1-A05B-9596FCE0A91F}.Release|Any CPU.Build.0 = Release|Any CPU
		{041456E0-7B3A-4C09-A374-E153DFD466E2}.Debug|Any CPU.ActiveCfg = Debug|Any CPU
		{041456E0-7B3A-4C09-A374-E153DFD466E2}.Debug|Any CPU.Build.0 = Debug|Any CPU
		{041456E0-7B3A-4C09-A374-E153DFD466E2}.Release|Any CPU.ActiveCfg = Release|Any CPU
		{041456E0-7B3A-4C09-A374-E153DFD466E2}.Release|Any CPU.Build.0 = Release|Any CPU
		{FF8F0223-DB7F-473F-A6FC-C088C6882481}.Debug|Any CPU.ActiveCfg = Debug|Any CPU
		{FF8F0223-DB7F-473F-A6FC-C088C6882481}.Debug|Any CPU.Build.0 = Debug|Any CPU
		{FF8F0223-DB7F-473F-A6FC-C088C6882481}.Release|Any CPU.ActiveCfg = Release|Any CPU
		{FF8F0223-DB7F-473F-A6FC-C088C6882481}.Release|Any CPU.Build.0 = Release|Any CPU
		{F7FEDBE3-0F42-48D7-9E16-D21BE78339CD}.Debug|Any CPU.ActiveCfg = Debug|Any CPU
		{F7FEDBE3-0F42-48D7-9E16-D21BE78339CD}.Debug|Any CPU.Build.0 = Debug|Any CPU
		{F7FEDBE3-0F42-48D7-9E16-D21BE78339CD}.Release|Any CPU.ActiveCfg = Release|Any CPU
		{F7FEDBE3-0F42-48D7-9E16-D21BE78339CD}.Release|Any CPU.Build.0 = Release|Any CPU
		{18C119B7-481E-4B9D-A7EB-C3775650A112}.Debug|Any CPU.ActiveCfg = Debug|Any CPU
		{18C119B7-481E-4B9D-A7EB-C3775650A112}.Debug|Any CPU.Build.0 = Debug|Any CPU
		{18C119B7-481E-4B9D-A7EB-C3775650A112}.Release|Any CPU.ActiveCfg = Release|Any CPU
		{18C119B7-481E-4B9D-A7EB-C3775650A112}.Release|Any CPU.Build.0 = Release|Any CPU
		{8054AD46-ACA5-4B75-BAE4-F2A87A52561F}.Debug|Any CPU.ActiveCfg = Debug|Any CPU
		{8054AD46-ACA5-4B75-BAE4-F2A87A52561F}.Debug|Any CPU.Build.0 = Debug|Any CPU
		{8054AD46-ACA5-4B75-BAE4-F2A87A52561F}.Release|Any CPU.ActiveCfg = Release|Any CPU
		{8054AD46-ACA5-4B75-BAE4-F2A87A52561F}.Release|Any CPU.Build.0 = Release|Any CPU
		{526E9AA7-7181-4A6C-AF6A-4FBE154D3CE9}.Debug|Any CPU.ActiveCfg = Debug|Any CPU
		{526E9AA7-7181-4A6C-AF6A-4FBE154D3CE9}.Debug|Any CPU.Build.0 = Debug|Any CPU
		{526E9AA7-7181-4A6C-AF6A-4FBE154D3CE9}.Release|Any CPU.ActiveCfg = Release|Any CPU
		{526E9AA7-7181-4A6C-AF6A-4FBE154D3CE9}.Release|Any CPU.Build.0 = Release|Any CPU
		{5F3B4003-A5AC-4B0E-8912-75B00CDD77FE}.Debug|Any CPU.ActiveCfg = Debug|Any CPU
		{5F3B4003-A5AC-4B0E-8912-75B00CDD77FE}.Debug|Any CPU.Build.0 = Debug|Any CPU
		{5F3B4003-A5AC-4B0E-8912-75B00CDD77FE}.Release|Any CPU.ActiveCfg = Release|Any CPU
		{5F3B4003-A5AC-4B0E-8912-75B00CDD77FE}.Release|Any CPU.Build.0 = Release|Any CPU
		{9B6E2312-3CB6-4EC3-997E-E7C2C4DA1121}.Debug|Any CPU.ActiveCfg = Debug|Any CPU
		{9B6E2312-3CB6-4EC3-997E-E7C2C4DA1121}.Debug|Any CPU.Build.0 = Debug|Any CPU
		{9B6E2312-3CB6-4EC3-997E-E7C2C4DA1121}.Release|Any CPU.ActiveCfg = Release|Any CPU
		{9B6E2312-3CB6-4EC3-997E-E7C2C4DA1121}.Release|Any CPU.Build.0 = Release|Any CPU
	EndGlobalSection
	GlobalSection(SolutionProperties) = preSolution
		HideSolutionNode = FALSE
	EndGlobalSection
	GlobalSection(ExtensibilityGlobals) = postSolution
		SolutionGuid = {EF371BA8-6AFC-430E-8A85-6B4E8689374B}
	EndGlobalSection
EndGlobal
